
Microsoft Visual Studio Solution File, Format Version 12.00
# Visual Studio Version 17
VisualStudioVersion = 17.6.33815.320
MinimumVisualStudioVersion = 10.0.40219.1
Project("{FAE04EC0-301F-11D3-BF4B-00C04F79EFBC}") = "FNMailSender", "FNMailSender\FNMailSender.csproj", "{4D41A31C-88AD-48AD-B3A7-545826952278}"
EndProject
Project("{FAE04EC0-301F-11D3-BF4B-00C04F79EFBC}") = "FNMailSenderTests", "FNMailSenderTests\FNMailSenderTests.csproj", "{6DE21143-5240-448F-9DEF-3C18CB095381}"
EndProject
Global
	GlobalSection(SolutionConfigurationPlatforms) = preSolution
		Debug|Any CPU = Debug|Any CPU
		Release|Any CPU = Release|Any CPU
	EndGlobalSection
	GlobalSection(ProjectConfigurationPlatforms) = postSolution
		{4D41A31C-88AD-48AD-B3A7-545826952278}.Debug|Any CPU.ActiveCfg = Debug|Any CPU
		{4D41A31C-88AD-48AD-B3A7-545826952278}.Debug|Any CPU.Build.0 = Debug|Any CPU
		{4D41A31C-88AD-48AD-B3A7-545826952278}.Release|Any CPU.ActiveCfg = Release|Any CPU
		{4D41A31C-88AD-48AD-B3A7-545826952278}.Release|Any CPU.Build.0 = Release|Any CPU
		{6DE21143-5240-448F-9DEF-3C18CB095381}.Debug|Any CPU.ActiveCfg = Debug|Any CPU
		{6DE21143-5240-448F-9DEF-3C18CB095381}.Debug|Any CPU.Build.0 = Debug|Any CPU
		{6DE21143-5240-448F-9DEF-3C18CB095381}.Release|Any CPU.ActiveCfg = Release|Any CPU
		{6DE21143-5240-448F-9DEF-3C18CB095381}.Release|Any CPU.Build.0 = Release|Any CPU
	EndGlobalSection
	GlobalSection(SolutionProperties) = preSolution
		HideSolutionNode = FALSE
	EndGlobalSection
	GlobalSection(ExtensibilityGlobals) = postSolution
		SolutionGuid = {66947CF6-131F-4257-941F-822D4A68E396}
	EndGlobalSection
EndGlobal
