
Microsoft Visual Studio Solution File, Format Version 12.00
# Visual Studio Version 17
VisualStudioVersion = 17.6.33815.320
MinimumVisualStudioVersion = 10.0.40219.1
Project("{FAE04EC0-301F-11D3-BF4B-00C04F79EFBC}") = "FNQueueFormSubmission", "FNQueueFormSubmission\FNQueueFormSubmission.csproj", "{F1EAF286-458A-4EA7-9FC8-918BA8747E7A}"
EndProject
Global
	GlobalSection(SolutionConfigurationPlatforms) = preSolution
		Debug|Any CPU = Debug|Any CPU
		Release|Any CPU = Release|Any CPU
	EndGlobalSection
	GlobalSection(ProjectConfigurationPlatforms) = postSolution
		{F1EAF286-458A-4EA7-9FC8-918BA8747E7A}.Debug|Any CPU.ActiveCfg = Debug|Any CPU
		{F1EAF286-458A-4EA7-9FC8-918BA8747E7A}.Debug|Any CPU.Build.0 = Debug|Any CPU
		{F1EAF286-458A-4EA7-9FC8-918BA8747E7A}.Release|Any CPU.ActiveCfg = Release|Any CPU
		{F1EAF286-458A-4EA7-9FC8-918BA8747E7A}.Release|Any CPU.Build.0 = Release|Any CPU
	EndGlobalSection
	GlobalSection(SolutionProperties) = preSolution
		HideSolutionNode = FALSE
	EndGlobalSection
	GlobalSection(ExtensibilityGlobals) = postSolution
		SolutionGuid = {DC7415A4-F90E-4743-BAA1-899DC7AC1209}
	EndGlobalSection
EndGlobal
